
Microsoft Visual Studio Solution File, Format Version 12.00
# Visual Studio Version 17
VisualStudioVersion = 17.0.32112.339
MinimumVisualStudioVersion = 10.0.40219.1
Project("{9A19103F-16F7-4668-BE54-9A1E7A4F7556}") = "EveryOtherLetter", "ConsoleApp2\EveryOtherLetter.csproj", "{E8B472F8-B0F1-43E7-B73E-FD910AFA525B}"
EndProject
Global
	GlobalSection(SolutionConfigurationPlatforms) = preSolution
		Debug|Any CPU = Debug|Any CPU
		Release|Any CPU = Release|Any CPU
	EndGlobalSection
	GlobalSection(ProjectConfigurationPlatforms) = postSolution
		{E8B472F8-B0F1-43E7-B73E-FD910AFA525B}.Debug|Any CPU.ActiveCfg = Debug|Any CPU
		{E8B472F8-B0F1-43E7-B73E-FD910AFA525B}.Debug|Any CPU.Build.0 = Debug|Any CPU
		{E8B472F8-B0F1-43E7-B73E-FD910AFA525B}.Release|Any CPU.ActiveCfg = Release|Any CPU
		{E8B472F8-B0F1-43E7-B73E-FD910AFA525B}.Release|Any CPU.Build.0 = Release|Any CPU
	EndGlobalSection
	GlobalSection(SolutionProperties) = preSolution
		HideSolutionNode = FALSE
	EndGlobalSection
	GlobalSection(ExtensibilityGlobals) = postSolution
		SolutionGuid = {37FA9DEC-55AC-489F-A2D7-50A4EEA1BD24}
	EndGlobalSection
EndGlobal
